
Microsoft Visual Studio Solution File, Format Version 12.00
# Visual Studio Version 17
Project("{2150E333-8FDC-42A3-9474-1A3956D46DE8}") = "CMake", "CMake", "{E94DF3F8-3EC6-3000-9A6A-90DF67AE3A9F}"
EndProject
Project("{2150E333-8FDC-42A3-9474-1A3956D46DE8}") = "SFML", "SFML", "{288CB2A0-8D01-32D9-A4A9-301CA9AAE6F5}"
EndProject
Project("{8BC9CEB8-8B4A-11D0-8D11-00A0C91BC942}") = "ALL_BUILD", "ALL_BUILD.vcxproj", "{CA73DAD1-3D1A-3BD6-86BD-B2B1C0BE06F2}"
	ProjectSection(ProjectDependencies) = postProject
		{013F49BF-0998-3864-83C4-B1D1057E319C} = {013F49BF-0998-3864-83C4-B1D1057E319C}
		{93C7A823-159B-3BE9-B980-6EFF46F3BE90} = {93C7A823-159B-3BE9-B980-6EFF46F3BE90}
		{B8F85D3D-AEC9-3DC4-8764-909AE77E73D0} = {B8F85D3D-AEC9-3DC4-8764-909AE77E73D0}
		{856C1A4D-655A-3686-8438-FA99BA1048B5} = {856C1A4D-655A-3686-8438-FA99BA1048B5}
		{43F2ECD0-CD7B-3985-B46A-1C4B773DA270} = {43F2ECD0-CD7B-3985-B46A-1C4B773DA270}
		{FE4576E3-4704-3882-9CC6-9830CA350B74} = {FE4576E3-4704-3882-9CC6-9830CA350B74}
		{16D25201-E261-30C1-A09B-717AF4279ED9} = {16D25201-E261-30C1-A09B-717AF4279ED9}
	EndProjectSection
EndProject
Project("{8BC9CEB8-8B4A-11D0-8D11-00A0C91BC942}") = "INSTALL", "INSTALL.vcxproj", "{2654C2D4-A9B4-3C0B-B561-23943B94CC0D}"
	ProjectSection(ProjectDependencies) = postProject
		{CA73DAD1-3D1A-3BD6-86BD-B2B1C0BE06F2} = {CA73DAD1-3D1A-3BD6-86BD-B2B1C0BE06F2}
		{013F49BF-0998-3864-83C4-B1D1057E319C} = {013F49BF-0998-3864-83C4-B1D1057E319C}
	EndProjectSection
EndProject
Project("{8BC9CEB8-8B4A-11D0-8D11-00A0C91BC942}") = "ZERO_CHECK", "ZERO_CHECK.vcxproj", "{013F49BF-0998-3864-83C4-B1D1057E319C}"
	ProjectSection(ProjectDependencies) = postProject
	EndProjectSection
EndProject
Project("{8BC9CEB8-8B4A-11D0-8D11-00A0C91BC942}") = "sfml-audio", "src\SFML\Audio\sfml-audio.vcxproj", "{93C7A823-159B-3BE9-B980-6EFF46F3BE90}"
	ProjectSection(ProjectDependencies) = postProject
		{013F49BF-0998-3864-83C4-B1D1057E319C} = {013F49BF-0998-3864-83C4-B1D1057E319C}
		{FE4576E3-4704-3882-9CC6-9830CA350B74} = {FE4576E3-4704-3882-9CC6-9830CA350B74}
	EndProjectSection
EndProject
Project("{8BC9CEB8-8B4A-11D0-8D11-00A0C91BC942}") = "sfml-graphics", "src\SFML\Graphics\sfml-graphics.vcxproj", "{B8F85D3D-AEC9-3DC4-8764-909AE77E73D0}"
	ProjectSection(ProjectDependencies) = postProject
		{013F49BF-0998-3864-83C4-B1D1057E319C} = {013F49BF-0998-3864-83C4-B1D1057E319C}
		{FE4576E3-4704-3882-9CC6-9830CA350B74} = {FE4576E3-4704-3882-9CC6-9830CA350B74}
		{16D25201-E261-30C1-A09B-717AF4279ED9} = {16D25201-E261-30C1-A09B-717AF4279ED9}
	EndProjectSection
EndProject
Project("{8BC9CEB8-8B4A-11D0-8D11-00A0C91BC942}") = "sfml-main", "src\SFML\Main\sfml-main.vcxproj", "{856C1A4D-655A-3686-8438-FA99BA1048B5}"
	ProjectSection(ProjectDependencies) = postProject
		{013F49BF-0998-3864-83C4-B1D1057E319C} = {013F49BF-0998-3864-83C4-B1D1057E319C}
	EndProjectSection
EndProject
Project("{8BC9CEB8-8B4A-11D0-8D11-00A0C91BC942}") = "sfml-network", "src\SFML\Network\sfml-network.vcxproj", "{43F2ECD0-CD7B-3985-B46A-1C4B773DA270}"
	ProjectSection(ProjectDependencies) = postProject
		{013F49BF-0998-3864-83C4-B1D1057E319C} = {013F49BF-0998-3864-83C4-B1D1057E319C}
		{FE4576E3-4704-3882-9CC6-9830CA350B74} = {FE4576E3-4704-3882-9CC6-9830CA350B74}
	EndProjectSection
EndProject
Project("{8BC9CEB8-8B4A-11D0-8D11-00A0C91BC942}") = "sfml-system", "src\SFML\System\sfml-system.vcxproj", "{FE4576E3-4704-3882-9CC6-9830CA350B74}"
	ProjectSection(ProjectDependencies) = postProject
		{013F49BF-0998-3864-83C4-B1D1057E319C} = {013F49BF-0998-3864-83C4-B1D1057E319C}
	EndProjectSection
EndProject
Project("{8BC9CEB8-8B4A-11D0-8D11-00A0C91BC942}") = "sfml-window", "src\SFML\Window\sfml-window.vcxproj", "{16D25201-E261-30C1-A09B-717AF4279ED9}"
	ProjectSection(ProjectDependencies) = postProject
		{013F49BF-0998-3864-83C4-B1D1057E319C} = {013F49BF-0998-3864-83C4-B1D1057E319C}
		{FE4576E3-4704-3882-9CC6-9830CA350B74} = {FE4576E3-4704-3882-9CC6-9830CA350B74}
	EndProjectSection
EndProject
Global
	GlobalSection(SolutionConfigurationPlatforms) = preSolution
		Debug|x64 = Debug|x64
		Release|x64 = Release|x64
		MinSizeRel|x64 = MinSizeRel|x64
		RelWithDebInfo|x64 = RelWithDebInfo|x64
	EndGlobalSection
	GlobalSection(ProjectConfigurationPlatforms) = postSolution
		{CA73DAD1-3D1A-3BD6-86BD-B2B1C0BE06F2}.Debug|x64.ActiveCfg = Debug|x64
		{CA73DAD1-3D1A-3BD6-86BD-B2B1C0BE06F2}.Debug|x64.Build.0 = Debug|x64
		{CA73DAD1-3D1A-3BD6-86BD-B2B1C0BE06F2}.Release|x64.ActiveCfg = Release|x64
		{CA73DAD1-3D1A-3BD6-86BD-B2B1C0BE06F2}.Release|x64.Build.0 = Release|x64
		{CA73DAD1-3D1A-3BD6-86BD-B2B1C0BE06F2}.MinSizeRel|x64.ActiveCfg = MinSizeRel|x64
		{CA73DAD1-3D1A-3BD6-86BD-B2B1C0BE06F2}.MinSizeRel|x64.Build.0 = MinSizeRel|x64
		{CA73DAD1-3D1A-3BD6-86BD-B2B1C0BE06F2}.RelWithDebInfo|x64.ActiveCfg = RelWithDebInfo|x64
		{CA73DAD1-3D1A-3BD6-86BD-B2B1C0BE06F2}.RelWithDebInfo|x64.Build.0 = RelWithDebInfo|x64
		{2654C2D4-A9B4-3C0B-B561-23943B94CC0D}.Debug|x64.ActiveCfg = Debug|x64
		{2654C2D4-A9B4-3C0B-B561-23943B94CC0D}.Release|x64.ActiveCfg = Release|x64
		{2654C2D4-A9B4-3C0B-B561-23943B94CC0D}.MinSizeRel|x64.ActiveCfg = MinSizeRel|x64
		{2654C2D4-A9B4-3C0B-B561-23943B94CC0D}.RelWithDebInfo|x64.ActiveCfg = RelWithDebInfo|x64
		{013F49BF-0998-3864-83C4-B1D1057E319C}.Debug|x64.ActiveCfg = Debug|x64
		{013F49BF-0998-3864-83C4-B1D1057E319C}.Debug|x64.Build.0 = Debug|x64
		{013F49BF-0998-3864-83C4-B1D1057E319C}.Release|x64.ActiveCfg = Release|x64
		{013F49BF-0998-3864-83C4-B1D1057E319C}.Release|x64.Build.0 = Release|x64
		{013F49BF-0998-3864-83C4-B1D1057E319C}.MinSizeRel|x64.ActiveCfg = MinSizeRel|x64
		{013F49BF-0998-3864-83C4-B1D1057E319C}.MinSizeRel|x64.Build.0 = MinSizeRel|x64
		{013F49BF-0998-3864-83C4-B1D1057E319C}.RelWithDebInfo|x64.ActiveCfg = RelWithDebInfo|x64
		{013F49BF-0998-3864-83C4-B1D1057E319C}.RelWithDebInfo|x64.Build.0 = RelWithDebInfo|x64
		{93C7A823-159B-3BE9-B980-6EFF46F3BE90}.Debug|x64.ActiveCfg = Debug|x64
		{93C7A823-159B-3BE9-B980-6EFF46F3BE90}.Debug|x64.Build.0 = Debug|x64
		{93C7A823-159B-3BE9-B980-6EFF46F3BE90}.Release|x64.ActiveCfg = Release|x64
		{93C7A823-159B-3BE9-B980-6EFF46F3BE90}.Release|x64.Build.0 = Release|x64
		{93C7A823-159B-3BE9-B980-6EFF46F3BE90}.MinSizeRel|x64.ActiveCfg = MinSizeRel|x64
		{93C7A823-159B-3BE9-B980-6EFF46F3BE90}.MinSizeRel|x64.Build.0 = MinSizeRel|x64
		{93C7A823-159B-3BE9-B980-6EFF46F3BE90}.RelWithDebInfo|x64.ActiveCfg = RelWithDebInfo|x64
		{93C7A823-159B-3BE9-B980-6EFF46F3BE90}.RelWithDebInfo|x64.Build.0 = RelWithDebInfo|x64
		{B8F85D3D-AEC9-3DC4-8764-909AE77E73D0}.Debug|x64.ActiveCfg = Debug|x64
		{B8F85D3D-AEC9-3DC4-8764-909AE77E73D0}.Debug|x64.Build.0 = Debug|x64
		{B8F85D3D-AEC9-3DC4-8764-909AE77E73D0}.Release|x64.ActiveCfg = Release|x64
		{B8F85D3D-AEC9-3DC4-8764-909AE77E73D0}.Release|x64.Build.0 = Release|x64
		{B8F85D3D-AEC9-3DC4-8764-909AE77E73D0}.MinSizeRel|x64.ActiveCfg = MinSizeRel|x64
		{B8F85D3D-AEC9-3DC4-8764-909AE77E73D0}.MinSizeRel|x64.Build.0 = MinSizeRel|x64
		{B8F85D3D-AEC9-3DC4-8764-909AE77E73D0}.RelWithDebInfo|x64.ActiveCfg = RelWithDebInfo|x64
		{B8F85D3D-AEC9-3DC4-8764-909AE77E73D0}.RelWithDebInfo|x64.Build.0 = RelWithDebInfo|x64
		{856C1A4D-655A-3686-8438-FA99BA1048B5}.Debug|x64.ActiveCfg = Debug|x64
		{856C1A4D-655A-3686-8438-FA99BA1048B5}.Debug|x64.Build.0 = Debug|x64
		{856C1A4D-655A-3686-8438-FA99BA1048B5}.Release|x64.ActiveCfg = Release|x64
		{856C1A4D-655A-3686-8438-FA99BA1048B5}.Release|x64.Build.0 = Release|x64
		{856C1A4D-655A-3686-8438-FA99BA1048B5}.MinSizeRel|x64.ActiveCfg = MinSizeRel|x64
		{856C1A4D-655A-3686-8438-FA99BA1048B5}.MinSizeRel|x64.Build.0 = MinSizeRel|x64
		{856C1A4D-655A-3686-8438-FA99BA1048B5}.RelWithDebInfo|x64.ActiveCfg = RelWithDebInfo|x64
		{856C1A4D-655A-3686-8438-FA99BA1048B5}.RelWithDebInfo|x64.Build.0 = RelWithDebInfo|x64
		{43F2ECD0-CD7B-3985-B46A-1C4B773DA270}.Debug|x64.ActiveCfg = Debug|x64
		{43F2ECD0-CD7B-3985-B46A-1C4B773DA270}.Debug|x64.Build.0 = Debug|x64
		{43F2ECD0-CD7B-3985-B46A-1C4B773DA270}.Release|x64.ActiveCfg = Release|x64
		{43F2ECD0-CD7B-3985-B46A-1C4B773DA270}.Release|x64.Build.0 = Release|x64
		{43F2ECD0-CD7B-3985-B46A-1C4B773DA270}.MinSizeRel|x64.ActiveCfg = MinSizeRel|x64
		{43F2ECD0-CD7B-3985-B46A-1C4B773DA270}.MinSizeRel|x64.Build.0 = MinSizeRel|x64
		{43F2ECD0-CD7B-3985-B46A-1C4B773DA270}.RelWithDebInfo|x64.ActiveCfg = RelWithDebInfo|x64
		{43F2ECD0-CD7B-3985-B46A-1C4B773DA270}.RelWithDebInfo|x64.Build.0 = RelWithDebInfo|x64
		{FE4576E3-4704-3882-9CC6-9830CA350B74}.Debug|x64.ActiveCfg = Debug|x64
		{FE4576E3-4704-3882-9CC6-9830CA350B74}.Debug|x64.Build.0 = Debug|x64
		{FE4576E3-4704-3882-9CC6-9830CA350B74}.Release|x64.ActiveCfg = Release|x64
		{FE4576E3-4704-3882-9CC6-9830CA350B74}.Release|x64.Build.0 = Release|x64
		{FE4576E3-4704-3882-9CC6-9830CA350B74}.MinSizeRel|x64.ActiveCfg = MinSizeRel|x64
		{FE4576E3-4704-3882-9CC6-9830CA350B74}.MinSizeRel|x64.Build.0 = MinSizeRel|x64
		{FE4576E3-4704-3882-9CC6-9830CA350B74}.RelWithDebInfo|x64.ActiveCfg = RelWithDebInfo|x64
		{FE4576E3-4704-3882-9CC6-9830CA350B74}.RelWithDebInfo|x64.Build.0 = RelWithDebInfo|x64
		{16D25201-E261-30C1-A09B-717AF4279ED9}.Debug|x64.ActiveCfg = Debug|x64
		{16D25201-E261-30C1-A09B-717AF4279ED9}.Debug|x64.Build.0 = Debug|x64
		{16D25201-E261-30C1-A09B-717AF4279ED9}.Release|x64.ActiveCfg = Release|x64
		{16D25201-E261-30C1-A09B-717AF4279ED9}.Release|x64.Build.0 = Release|x64
		{16D25201-E261-30C1-A09B-717AF4279ED9}.MinSizeRel|x64.ActiveCfg = MinSizeRel|x64
		{16D25201-E261-30C1-A09B-717AF4279ED9}.MinSizeRel|x64.Build.0 = MinSizeRel|x64
		{16D25201-E261-30C1-A09B-717AF4279ED9}.RelWithDebInfo|x64.ActiveCfg = RelWithDebInfo|x64
		{16D25201-E261-30C1-A09B-717AF4279ED9}.RelWithDebInfo|x64.Build.0 = RelWithDebInfo|x64
	EndGlobalSection
	GlobalSection(NestedProjects) = preSolution
		{CA73DAD1-3D1A-3BD6-86BD-B2B1C0BE06F2} = {E94DF3F8-3EC6-3000-9A6A-90DF67AE3A9F}
		{2654C2D4-A9B4-3C0B-B561-23943B94CC0D} = {E94DF3F8-3EC6-3000-9A6A-90DF67AE3A9F}
		{013F49BF-0998-3864-83C4-B1D1057E319C} = {E94DF3F8-3EC6-3000-9A6A-90DF67AE3A9F}
		{93C7A823-159B-3BE9-B980-6EFF46F3BE90} = {288CB2A0-8D01-32D9-A4A9-301CA9AAE6F5}
		{B8F85D3D-AEC9-3DC4-8764-909AE77E73D0} = {288CB2A0-8D01-32D9-A4A9-301CA9AAE6F5}
		{856C1A4D-655A-3686-8438-FA99BA1048B5} = {288CB2A0-8D01-32D9-A4A9-301CA9AAE6F5}
		{43F2ECD0-CD7B-3985-B46A-1C4B773DA270} = {288CB2A0-8D01-32D9-A4A9-301CA9AAE6F5}
		{FE4576E3-4704-3882-9CC6-9830CA350B74} = {288CB2A0-8D01-32D9-A4A9-301CA9AAE6F5}
		{16D25201-E261-30C1-A09B-717AF4279ED9} = {288CB2A0-8D01-32D9-A4A9-301CA9AAE6F5}
	EndGlobalSection
	GlobalSection(ExtensibilityGlobals) = postSolution
		SolutionGuid = {5EE45994-8CC4-3FE6-996B-3A342C706244}
	EndGlobalSection
	GlobalSection(ExtensibilityAddIns) = postSolution
	EndGlobalSection
EndGlobal
