<?xml version="1.0" encoding="utf-8"?>
<Project ToolsVersion="17.0" xmlns="http://schemas.microsoft.com/developer/msbuild/2003">
  <ItemGroup>
    <CustomBuild Include="D:\workspace\atti\lib\sfml\build-windows-dynamic\CMakeFiles\89252b4400e350917526a4a769783982\INSTALL_force.rule">
      <Filter>CMake Rules</Filter>
    </CustomBuild>
  </ItemGroup>
  <ItemGroup>
    <Filter Include="CMake Rules">
      <UniqueIdentifier>{41A31E89-D984-349F-A913-EA3181234BDE}</UniqueIdentifier>
    </Filter>
  </ItemGroup>
</Project>
