
Microsoft Visual Studio Solution File, Format Version 12.00
# Visual Studio Version 17
Project("{2150E333-8FDC-42A3-9474-1A3956D46DE8}") = "CMake", "CMake", "{92D97DCE-7E37-394D-9AF0-21F98673E28F}"
EndProject
Project("{2150E333-8FDC-42A3-9474-1A3956D46DE8}") = "SFML", "SFML", "{F6B53E5B-A109-3A36-B30B-757BBA3FB54B}"
EndProject
Project("{8BC9CEB8-8B4A-11D0-8D11-00A0C91BC942}") = "ALL_BUILD", "ALL_BUILD.vcxproj", "{2287EFD9-B18F-3C64-BA8C-B96BF46812B6}"
	ProjectSection(ProjectDependencies) = postProject
		{162DEA40-FBBC-3E7E-B22F-A85EDA974222} = {162DEA40-FBBC-3E7E-B22F-A85EDA974222}
		{6A7B7277-4B87-33EB-9340-AF1FDCA6392B} = {6A7B7277-4B87-33EB-9340-AF1FDCA6392B}
		{6D592934-EF89-3434-AB5A-AA1E168AE287} = {6D592934-EF89-3434-AB5A-AA1E168AE287}
		{BC52FA85-786E-3346-89CA-DEC8E9A87400} = {BC52FA85-786E-3346-89CA-DEC8E9A87400}
		{4BA9F7B2-14CF-3602-95EB-19C152A8F622} = {4BA9F7B2-14CF-3602-95EB-19C152A8F622}
		{4D5B3E66-BF18-3460-8135-C178286A2B43} = {4D5B3E66-BF18-3460-8135-C178286A2B43}
		{CD1F7C6F-83DC-3619-827F-9AFF57637FE0} = {CD1F7C6F-83DC-3619-827F-9AFF57637FE0}
	EndProjectSection
EndProject
Project("{8BC9CEB8-8B4A-11D0-8D11-00A0C91BC942}") = "INSTALL", "INSTALL.vcxproj", "{BB61B20C-398C-38D8-804A-A4339F695BD9}"
	ProjectSection(ProjectDependencies) = postProject
		{2287EFD9-B18F-3C64-BA8C-B96BF46812B6} = {2287EFD9-B18F-3C64-BA8C-B96BF46812B6}
		{162DEA40-FBBC-3E7E-B22F-A85EDA974222} = {162DEA40-FBBC-3E7E-B22F-A85EDA974222}
	EndProjectSection
EndProject
Project("{8BC9CEB8-8B4A-11D0-8D11-00A0C91BC942}") = "ZERO_CHECK", "ZERO_CHECK.vcxproj", "{162DEA40-FBBC-3E7E-B22F-A85EDA974222}"
	ProjectSection(ProjectDependencies) = postProject
	EndProjectSection
EndProject
Project("{8BC9CEB8-8B4A-11D0-8D11-00A0C91BC942}") = "sfml-audio", "src\SFML\Audio\sfml-audio.vcxproj", "{6A7B7277-4B87-33EB-9340-AF1FDCA6392B}"
	ProjectSection(ProjectDependencies) = postProject
		{162DEA40-FBBC-3E7E-B22F-A85EDA974222} = {162DEA40-FBBC-3E7E-B22F-A85EDA974222}
		{4D5B3E66-BF18-3460-8135-C178286A2B43} = {4D5B3E66-BF18-3460-8135-C178286A2B43}
	EndProjectSection
EndProject
Project("{8BC9CEB8-8B4A-11D0-8D11-00A0C91BC942}") = "sfml-graphics", "src\SFML\Graphics\sfml-graphics.vcxproj", "{6D592934-EF89-3434-AB5A-AA1E168AE287}"
	ProjectSection(ProjectDependencies) = postProject
		{162DEA40-FBBC-3E7E-B22F-A85EDA974222} = {162DEA40-FBBC-3E7E-B22F-A85EDA974222}
		{4D5B3E66-BF18-3460-8135-C178286A2B43} = {4D5B3E66-BF18-3460-8135-C178286A2B43}
		{CD1F7C6F-83DC-3619-827F-9AFF57637FE0} = {CD1F7C6F-83DC-3619-827F-9AFF57637FE0}
	EndProjectSection
EndProject
Project("{8BC9CEB8-8B4A-11D0-8D11-00A0C91BC942}") = "sfml-main", "src\SFML\Main\sfml-main.vcxproj", "{BC52FA85-786E-3346-89CA-DEC8E9A87400}"
	ProjectSection(ProjectDependencies) = postProject
		{162DEA40-FBBC-3E7E-B22F-A85EDA974222} = {162DEA40-FBBC-3E7E-B22F-A85EDA974222}
	EndProjectSection
EndProject
Project("{8BC9CEB8-8B4A-11D0-8D11-00A0C91BC942}") = "sfml-network", "src\SFML\Network\sfml-network.vcxproj", "{4BA9F7B2-14CF-3602-95EB-19C152A8F622}"
	ProjectSection(ProjectDependencies) = postProject
		{162DEA40-FBBC-3E7E-B22F-A85EDA974222} = {162DEA40-FBBC-3E7E-B22F-A85EDA974222}
		{4D5B3E66-BF18-3460-8135-C178286A2B43} = {4D5B3E66-BF18-3460-8135-C178286A2B43}
	EndProjectSection
EndProject
Project("{8BC9CEB8-8B4A-11D0-8D11-00A0C91BC942}") = "sfml-system", "src\SFML\System\sfml-system.vcxproj", "{4D5B3E66-BF18-3460-8135-C178286A2B43}"
	ProjectSection(ProjectDependencies) = postProject
		{162DEA40-FBBC-3E7E-B22F-A85EDA974222} = {162DEA40-FBBC-3E7E-B22F-A85EDA974222}
	EndProjectSection
EndProject
Project("{8BC9CEB8-8B4A-11D0-8D11-00A0C91BC942}") = "sfml-window", "src\SFML\Window\sfml-window.vcxproj", "{CD1F7C6F-83DC-3619-827F-9AFF57637FE0}"
	ProjectSection(ProjectDependencies) = postProject
		{162DEA40-FBBC-3E7E-B22F-A85EDA974222} = {162DEA40-FBBC-3E7E-B22F-A85EDA974222}
		{4D5B3E66-BF18-3460-8135-C178286A2B43} = {4D5B3E66-BF18-3460-8135-C178286A2B43}
	EndProjectSection
EndProject
Global
	GlobalSection(SolutionConfigurationPlatforms) = preSolution
		Debug|x64 = Debug|x64
		Release|x64 = Release|x64
		MinSizeRel|x64 = MinSizeRel|x64
		RelWithDebInfo|x64 = RelWithDebInfo|x64
	EndGlobalSection
	GlobalSection(ProjectConfigurationPlatforms) = postSolution
		{2287EFD9-B18F-3C64-BA8C-B96BF46812B6}.Debug|x64.ActiveCfg = Debug|x64
		{2287EFD9-B18F-3C64-BA8C-B96BF46812B6}.Debug|x64.Build.0 = Debug|x64
		{2287EFD9-B18F-3C64-BA8C-B96BF46812B6}.Release|x64.ActiveCfg = Release|x64
		{2287EFD9-B18F-3C64-BA8C-B96BF46812B6}.Release|x64.Build.0 = Release|x64
		{2287EFD9-B18F-3C64-BA8C-B96BF46812B6}.MinSizeRel|x64.ActiveCfg = MinSizeRel|x64
		{2287EFD9-B18F-3C64-BA8C-B96BF46812B6}.MinSizeRel|x64.Build.0 = MinSizeRel|x64
		{2287EFD9-B18F-3C64-BA8C-B96BF46812B6}.RelWithDebInfo|x64.ActiveCfg = RelWithDebInfo|x64
		{2287EFD9-B18F-3C64-BA8C-B96BF46812B6}.RelWithDebInfo|x64.Build.0 = RelWithDebInfo|x64
		{BB61B20C-398C-38D8-804A-A4339F695BD9}.Debug|x64.ActiveCfg = Debug|x64
		{BB61B20C-398C-38D8-804A-A4339F695BD9}.Release|x64.ActiveCfg = Release|x64
		{BB61B20C-398C-38D8-804A-A4339F695BD9}.MinSizeRel|x64.ActiveCfg = MinSizeRel|x64
		{BB61B20C-398C-38D8-804A-A4339F695BD9}.RelWithDebInfo|x64.ActiveCfg = RelWithDebInfo|x64
		{162DEA40-FBBC-3E7E-B22F-A85EDA974222}.Debug|x64.ActiveCfg = Debug|x64
		{162DEA40-FBBC-3E7E-B22F-A85EDA974222}.Debug|x64.Build.0 = Debug|x64
		{162DEA40-FBBC-3E7E-B22F-A85EDA974222}.Release|x64.ActiveCfg = Release|x64
		{162DEA40-FBBC-3E7E-B22F-A85EDA974222}.Release|x64.Build.0 = Release|x64
		{162DEA40-FBBC-3E7E-B22F-A85EDA974222}.MinSizeRel|x64.ActiveCfg = MinSizeRel|x64
		{162DEA40-FBBC-3E7E-B22F-A85EDA974222}.MinSizeRel|x64.Build.0 = MinSizeRel|x64
		{162DEA40-FBBC-3E7E-B22F-A85EDA974222}.RelWithDebInfo|x64.ActiveCfg = RelWithDebInfo|x64
		{162DEA40-FBBC-3E7E-B22F-A85EDA974222}.RelWithDebInfo|x64.Build.0 = RelWithDebInfo|x64
		{6A7B7277-4B87-33EB-9340-AF1FDCA6392B}.Debug|x64.ActiveCfg = Debug|x64
		{6A7B7277-4B87-33EB-9340-AF1FDCA6392B}.Debug|x64.Build.0 = Debug|x64
		{6A7B7277-4B87-33EB-9340-AF1FDCA6392B}.Release|x64.ActiveCfg = Release|x64
		{6A7B7277-4B87-33EB-9340-AF1FDCA6392B}.Release|x64.Build.0 = Release|x64
		{6A7B7277-4B87-33EB-9340-AF1FDCA6392B}.MinSizeRel|x64.ActiveCfg = MinSizeRel|x64
		{6A7B7277-4B87-33EB-9340-AF1FDCA6392B}.MinSizeRel|x64.Build.0 = MinSizeRel|x64
		{6A7B7277-4B87-33EB-9340-AF1FDCA6392B}.RelWithDebInfo|x64.ActiveCfg = RelWithDebInfo|x64
		{6A7B7277-4B87-33EB-9340-AF1FDCA6392B}.RelWithDebInfo|x64.Build.0 = RelWithDebInfo|x64
		{6D592934-EF89-3434-AB5A-AA1E168AE287}.Debug|x64.ActiveCfg = Debug|x64
		{6D592934-EF89-3434-AB5A-AA1E168AE287}.Debug|x64.Build.0 = Debug|x64
		{6D592934-EF89-3434-AB5A-AA1E168AE287}.Release|x64.ActiveCfg = Release|x64
		{6D592934-EF89-3434-AB5A-AA1E168AE287}.Release|x64.Build.0 = Release|x64
		{6D592934-EF89-3434-AB5A-AA1E168AE287}.MinSizeRel|x64.ActiveCfg = MinSizeRel|x64
		{6D592934-EF89-3434-AB5A-AA1E168AE287}.MinSizeRel|x64.Build.0 = MinSizeRel|x64
		{6D592934-EF89-3434-AB5A-AA1E168AE287}.RelWithDebInfo|x64.ActiveCfg = RelWithDebInfo|x64
		{6D592934-EF89-3434-AB5A-AA1E168AE287}.RelWithDebInfo|x64.Build.0 = RelWithDebInfo|x64
		{BC52FA85-786E-3346-89CA-DEC8E9A87400}.Debug|x64.ActiveCfg = Debug|x64
		{BC52FA85-786E-3346-89CA-DEC8E9A87400}.Debug|x64.Build.0 = Debug|x64
		{BC52FA85-786E-3346-89CA-DEC8E9A87400}.Release|x64.ActiveCfg = Release|x64
		{BC52FA85-786E-3346-89CA-DEC8E9A87400}.Release|x64.Build.0 = Release|x64
		{BC52FA85-786E-3346-89CA-DEC8E9A87400}.MinSizeRel|x64.ActiveCfg = MinSizeRel|x64
		{BC52FA85-786E-3346-89CA-DEC8E9A87400}.MinSizeRel|x64.Build.0 = MinSizeRel|x64
		{BC52FA85-786E-3346-89CA-DEC8E9A87400}.RelWithDebInfo|x64.ActiveCfg = RelWithDebInfo|x64
		{BC52FA85-786E-3346-89CA-DEC8E9A87400}.RelWithDebInfo|x64.Build.0 = RelWithDebInfo|x64
		{4BA9F7B2-14CF-3602-95EB-19C152A8F622}.Debug|x64.ActiveCfg = Debug|x64
		{4BA9F7B2-14CF-3602-95EB-19C152A8F622}.Debug|x64.Build.0 = Debug|x64
		{4BA9F7B2-14CF-3602-95EB-19C152A8F622}.Release|x64.ActiveCfg = Release|x64
		{4BA9F7B2-14CF-3602-95EB-19C152A8F622}.Release|x64.Build.0 = Release|x64
		{4BA9F7B2-14CF-3602-95EB-19C152A8F622}.MinSizeRel|x64.ActiveCfg = MinSizeRel|x64
		{4BA9F7B2-14CF-3602-95EB-19C152A8F622}.MinSizeRel|x64.Build.0 = MinSizeRel|x64
		{4BA9F7B2-14CF-3602-95EB-19C152A8F622}.RelWithDebInfo|x64.ActiveCfg = RelWithDebInfo|x64
		{4BA9F7B2-14CF-3602-95EB-19C152A8F622}.RelWithDebInfo|x64.Build.0 = RelWithDebInfo|x64
		{4D5B3E66-BF18-3460-8135-C178286A2B43}.Debug|x64.ActiveCfg = Debug|x64
		{4D5B3E66-BF18-3460-8135-C178286A2B43}.Debug|x64.Build.0 = Debug|x64
		{4D5B3E66-BF18-3460-8135-C178286A2B43}.Release|x64.ActiveCfg = Release|x64
		{4D5B3E66-BF18-3460-8135-C178286A2B43}.Release|x64.Build.0 = Release|x64
		{4D5B3E66-BF18-3460-8135-C178286A2B43}.MinSizeRel|x64.ActiveCfg = MinSizeRel|x64
		{4D5B3E66-BF18-3460-8135-C178286A2B43}.MinSizeRel|x64.Build.0 = MinSizeRel|x64
		{4D5B3E66-BF18-3460-8135-C178286A2B43}.RelWithDebInfo|x64.ActiveCfg = RelWithDebInfo|x64
		{4D5B3E66-BF18-3460-8135-C178286A2B43}.RelWithDebInfo|x64.Build.0 = RelWithDebInfo|x64
		{CD1F7C6F-83DC-3619-827F-9AFF57637FE0}.Debug|x64.ActiveCfg = Debug|x64
		{CD1F7C6F-83DC-3619-827F-9AFF57637FE0}.Debug|x64.Build.0 = Debug|x64
		{CD1F7C6F-83DC-3619-827F-9AFF57637FE0}.Release|x64.ActiveCfg = Release|x64
		{CD1F7C6F-83DC-3619-827F-9AFF57637FE0}.Release|x64.Build.0 = Release|x64
		{CD1F7C6F-83DC-3619-827F-9AFF57637FE0}.MinSizeRel|x64.ActiveCfg = MinSizeRel|x64
		{CD1F7C6F-83DC-3619-827F-9AFF57637FE0}.MinSizeRel|x64.Build.0 = MinSizeRel|x64
		{CD1F7C6F-83DC-3619-827F-9AFF57637FE0}.RelWithDebInfo|x64.ActiveCfg = RelWithDebInfo|x64
		{CD1F7C6F-83DC-3619-827F-9AFF57637FE0}.RelWithDebInfo|x64.Build.0 = RelWithDebInfo|x64
	EndGlobalSection
	GlobalSection(NestedProjects) = preSolution
		{2287EFD9-B18F-3C64-BA8C-B96BF46812B6} = {92D97DCE-7E37-394D-9AF0-21F98673E28F}
		{BB61B20C-398C-38D8-804A-A4339F695BD9} = {92D97DCE-7E37-394D-9AF0-21F98673E28F}
		{162DEA40-FBBC-3E7E-B22F-A85EDA974222} = {92D97DCE-7E37-394D-9AF0-21F98673E28F}
		{6A7B7277-4B87-33EB-9340-AF1FDCA6392B} = {F6B53E5B-A109-3A36-B30B-757BBA3FB54B}
		{6D592934-EF89-3434-AB5A-AA1E168AE287} = {F6B53E5B-A109-3A36-B30B-757BBA3FB54B}
		{BC52FA85-786E-3346-89CA-DEC8E9A87400} = {F6B53E5B-A109-3A36-B30B-757BBA3FB54B}
		{4BA9F7B2-14CF-3602-95EB-19C152A8F622} = {F6B53E5B-A109-3A36-B30B-757BBA3FB54B}
		{4D5B3E66-BF18-3460-8135-C178286A2B43} = {F6B53E5B-A109-3A36-B30B-757BBA3FB54B}
		{CD1F7C6F-83DC-3619-827F-9AFF57637FE0} = {F6B53E5B-A109-3A36-B30B-757BBA3FB54B}
	EndGlobalSection
	GlobalSection(ExtensibilityGlobals) = postSolution
		SolutionGuid = {55395694-ADB3-3521-B62B-AE93EC939FB3}
	EndGlobalSection
	GlobalSection(ExtensibilityAddIns) = postSolution
	EndGlobalSection
EndGlobal
